
Microsoft Visual Studio Solution File, Format Version 12.00
# Visual Studio Version 17
VisualStudioVersion = 17.7.34031.279
MinimumVisualStudioVersion = 10.0.40219.1
Project("{FAE04EC0-301F-11D3-BF4B-00C04F79EFBC}") = "TodoDemo", "Todo\TodoDemo.csproj", "{BC614DE9-C490-4E83-A46F-5284E9DBE8B5}"
EndProject
Global
	GlobalSection(SolutionConfigurationPlatforms) = preSolution
		Debug|Any CPU = Debug|Any CPU
		Release|Any CPU = Release|Any CPU
	EndGlobalSection
	GlobalSection(ProjectConfigurationPlatforms) = postSolution
		{BC614DE9-C490-4E83-A46F-5284E9DBE8B5}.Debug|Any CPU.ActiveCfg = Debug|Any CPU
		{BC614DE9-C490-4E83-A46F-5284E9DBE8B5}.Debug|Any CPU.Build.0 = Debug|Any CPU
		{BC614DE9-C490-4E83-A46F-5284E9DBE8B5}.Release|Any CPU.ActiveCfg = Release|Any CPU
		{BC614DE9-C490-4E83-A46F-5284E9DBE8B5}.Release|Any CPU.Build.0 = Release|Any CPU
	EndGlobalSection
	GlobalSection(SolutionProperties) = preSolution
		HideSolutionNode = FALSE
	EndGlobalSection
	GlobalSection(ExtensibilityGlobals) = postSolution
		SolutionGuid = {D463CC3E-EDD2-4A54-8EA9-B3AF06BC89D9}
	EndGlobalSection
EndGlobal
